
Microsoft Visual Studio Solution File, Format Version 12.00
# Visual Studio 2013
VisualStudioVersion = 12.0.30501.0
MinimumVisualStudioVersion = 10.0.40219.1
Project("{FAE04EC0-301F-11D3-BF4B-00C04F79EFBC}") = "Contracts", "Contracts\Contracts.csproj", "{2F932A22-7AEE-41E7-9D95-A9A34C6A70D8}"
EndProject
Project("{FAE04EC0-301F-11D3-BF4B-00C04F79EFBC}") = "Model", "Model\Model.csproj", "{647BF1AC-5EE6-4691-8B65-38B423B3139D}"
EndProject
Project("{FAE04EC0-301F-11D3-BF4B-00C04F79EFBC}") = "WebUI", "WebUI\WebUI.csproj", "{A7C387D7-1C85-4176-84FD-431ACB412FAB}"
EndProject
Project("{FAE04EC0-301F-11D3-BF4B-00C04F79EFBC}") = "DAL", "DAL\DAL.csproj", "{0CE6DAA8-BC52-4EC4-AD3D-3E715083A721}"
EndProject
Global
	GlobalSection(SolutionConfigurationPlatforms) = preSolution
		Debug|Any CPU = Debug|Any CPU
		Release|Any CPU = Release|Any CPU
	EndGlobalSection
	GlobalSection(ProjectConfigurationPlatforms) = postSolution
		{2F932A22-7AEE-41E7-9D95-A9A34C6A70D8}.Debug|Any CPU.ActiveCfg = Debug|Any CPU
		{2F932A22-7AEE-41E7-9D95-A9A34C6A70D8}.Debug|Any CPU.Build.0 = Debug|Any CPU
		{2F932A22-7AEE-41E7-9D95-A9A34C6A70D8}.Release|Any CPU.ActiveCfg = Release|Any CPU
		{2F932A22-7AEE-41E7-9D95-A9A34C6A70D8}.Release|Any CPU.Build.0 = Release|Any CPU
		{647BF1AC-5EE6-4691-8B65-38B423B3139D}.Debug|Any CPU.ActiveCfg = Debug|Any CPU
		{647BF1AC-5EE6-4691-8B65-38B423B3139D}.Debug|Any CPU.Build.0 = Debug|Any CPU
		{647BF1AC-5EE6-4691-8B65-38B423B3139D}.Release|Any CPU.ActiveCfg = Release|Any CPU
		{647BF1AC-5EE6-4691-8B65-38B423B3139D}.Release|Any CPU.Build.0 = Release|Any CPU
		{A7C387D7-1C85-4176-84FD-431ACB412FAB}.Debug|Any CPU.ActiveCfg = Debug|Any CPU
		{A7C387D7-1C85-4176-84FD-431ACB412FAB}.Debug|Any CPU.Build.0 = Debug|Any CPU
		{A7C387D7-1C85-4176-84FD-431ACB412FAB}.Release|Any CPU.ActiveCfg = Release|Any CPU
		{A7C387D7-1C85-4176-84FD-431ACB412FAB}.Release|Any CPU.Build.0 = Release|Any CPU
		{0CE6DAA8-BC52-4EC4-AD3D-3E715083A721}.Debug|Any CPU.ActiveCfg = Debug|Any CPU
		{0CE6DAA8-BC52-4EC4-AD3D-3E715083A721}.Debug|Any CPU.Build.0 = Debug|Any CPU
		{0CE6DAA8-BC52-4EC4-AD3D-3E715083A721}.Release|Any CPU.ActiveCfg = Release|Any CPU
		{0CE6DAA8-BC52-4EC4-AD3D-3E715083A721}.Release|Any CPU.Build.0 = Release|Any CPU
	EndGlobalSection
	GlobalSection(SolutionProperties) = preSolution
		HideSolutionNode = FALSE
	EndGlobalSection
EndGlobal
